{
    "_meta": {
        "hash": {
            "sha256": "d24cc175fbabc3377e6e16f19db37198cb4ca579cc663ba4f15fe7da93c89172"
        },
        "pipfile-spec": 6,
        "requires": {
            "python_version": "3.8"
        },
        "sources": [
            {
                "name": "pypi",
                "url": "https://pypi.org/simple",
                "verify_ssl": true
            }
        ]
    },
    "default": {
        "arviz": {
            "hashes": [
                "sha256:a9d0eb32e84a0472aa78a488ba9b12b05e7be8c2c8fb34a1ba6286cc1254ee0d",
                "sha256:f6a1389a90b53335f248d282c8142b8209150b9625459a85ec6d3d38786797c1"
            ],
            "version": "==0.11.2"
        },
        "cftime": {
            "hashes": [
                "sha256:12ca5a8897191f5def9daf65ac98865f10488511455e68f157f1ff9967bcf171",
                "sha256:1883d7d0f95879c9354071ea7680e61bd57bf8a51659451bb8accca686a49e89",
                "sha256:19cfa87f1f37b11977d4507690b70b44abf7bf8498bba4e13bdb1b7a8685debd",
                "sha256:2bb4a2db77592da5bfc0f208dacca6eaa305549d85223f4780ecd4ff17c28729",
                "sha256:32a9b09aea0e0027e2582d0f6e1bc132f9b5494eb740326d3e98b9853908b22e",
                "sha256:372222ecb0c1973dbf6eed0776724466e6f475284a080e881ef9f95cd28c13b5",
                "sha256:40bed9af075bd56ab1c9c6d9b40727e4e9cadcc448fbbcc876bf8a1d60d089b8",
                "sha256:52174d080281b8c31ed0ccaa059119d4c9a760d615aa72300ae6037c06e83c83",
                "sha256:55259211a710ce2267018c357ddbd74ef79ec7860170d70217590042f1078dca",
                "sha256:59fbdc73e67f5e38822caf0319b5cb40fa469d34d2a1580339e951135e3fad6e",
                "sha256:5bba5ebc643ca5ed5c39124423f771ebf41367437895bdd19a44ea02f2ccfec7",
                "sha256:698106c68e411bc24eb8b9386ed552442d0ca4d43760ac71a5134b6020af4ed4",
                "sha256:6abda13253f445b4117449a8f497fc04f18a0f58558071934b2e1d277f7bd3a4",
                "sha256:6ae5594f5549ad60c58c76130ab88fdec68a759f822c6f5942f43a446720c00c",
                "sha256:75049ca6ccc6981f4ef098f899a1a7aecc9080a764ca9d866ed9566714acd8fb",
                "sha256:7a820e16357dbdc9723b2059f7178451de626a8b2e5f80b9d91a77e3dac42133",
                "sha256:7b54ddf469094c8ae46259460faf33ddad8a708dcd21e50ca6753507b9b52ec6",
                "sha256:894fc296c8c6b3da9b521efa79312643c29e3e6b8d72cbfbea2c471658adf510",
                "sha256:8e0cadf1342d079a0eb8427391766345affdadd5a5fde6d3301b3ac0cf91eda1",
                "sha256:8fc3206ce08579548de37f31b01fd8718d7622c89f68b31cf46983e1b35a339c",
                "sha256:927ed60397fdbbe5dccb64fe0db4e82b83c10b149bc35386cec0b6aed852245c",
                "sha256:995f940b8f31696bae42a901371325a476e1a32ceb435222ce915e9d04c29395",
                "sha256:a257746867a404d7fa5cfd2fbd7f17b45e975f9984a8818ae475670e3b83552c",
                "sha256:a936c0a18c4c6d216e4cdf3a0dfc541e7e8784ad8fe9d7184f65e6fd20728964",
                "sha256:ad3bdcbdc166ece1baba7e16d54e90b2a48895a9abcd9b3b0a39cae2d6881b8c",
                "sha256:b644bcb53346b6f4fe2fcc9f3b574740a2097637492dcca29632c817e0604f29",
                "sha256:d748f0420154943e867560f6394c17f8497295df1747ee6f850d2d1166c0b85c",
                "sha256:e72009981d26de0c13116a5c7e3ffa180a0eded51ae5bc76a6f6b84a870597ec",
                "sha256:f9d0ad9ce3b8c705a3184d276135b781848bf7178c6cde39e11d7bc5b5c2ee7e"
            ],
            "version": "==1.5.0"
        },
        "cycler": {
            "hashes": [
                "sha256:1d8a5ae1ff6c5cf9b93e8811e581232ad8920aeec647c37316ceac982b08cb2d",
                "sha256:cd7b2d1018258d7247a71425e9f26463dfb444d411c39569972f4ce586b0c9d8"
            ],
            "version": "==0.10.0"
        },
        "fastprogress": {
            "hashes": [
                "sha256:474cd6a6e5b1c29a02383d709bf71f502477d0849bddc6ba5aa80b683f4ad16f",
                "sha256:89e28ac1d2a5412aab18ee3f3dfd1ee8b5c1f2f7a44d0add0d0d4f69f0191bfe"
            ],
            "version": "==1.0.0"
        },
        "h5py": {
            "hashes": [
                "sha256:25294f2690c4813475f566663a21ef1c1b11ef892b26d46454bf0a59e507d5aa",
                "sha256:4160cb0d35a83c6fb9f1cad65e826dfaeb044e001549ea78003573fb6bee4042",
                "sha256:6766104ed13ff40b3b7bfd49f13fced5274103ee9af53667e7a97c5236b14741",
                "sha256:7c5b5f18c96fb63399280a724734fd91e1781c6b60e385e439ad8e654a294ba4",
                "sha256:89474be911bfcdb34cbf0d98b8ec48b578c27a89fdb1ae4ee7513f1ef8d9249e",
                "sha256:90ee8a00aca5c4e0bbd821c1f6118cb9a814c15dcfdb03572c615a4431166480",
                "sha256:a6632ac11167bbad1a8fc5c82508b97ab8c12bdfe4b659254b6f7f63d3c76744",
                "sha256:d791b710d3e54c4d2c32cb881b183db5674ceb03bf6a0c1f3fb3cf50d8997e0a",
                "sha256:d8467fa56356ad2efad2b5986326e71d4d74505de6f6c7bb46dbba09b37459ac",
                "sha256:fdabe99139a9c5e1a416b7ed38c89505f8501b376d54496e1bb737cb33df61cf"
            ],
            "version": "==3.2.1"
        },
        "kiwisolver": {
            "hashes": [
                "sha256:0cd53f403202159b44528498de18f9285b04482bab2a6fc3f5dd8dbb9352e30d",
                "sha256:1e1bc12fb773a7b2ffdeb8380609f4f8064777877b2225dec3da711b421fda31",
                "sha256:225e2e18f271e0ed8157d7f4518ffbf99b9450fca398d561eb5c4a87d0986dd9",
                "sha256:232c9e11fd7ac3a470d65cd67e4359eee155ec57e822e5220322d7b2ac84fbf0",
                "sha256:31dfd2ac56edc0ff9ac295193eeaea1c0c923c0355bf948fbd99ed6018010b72",
                "sha256:33449715e0101e4d34f64990352bce4095c8bf13bed1b390773fc0a7295967b3",
                "sha256:401a2e9afa8588589775fe34fc22d918ae839aaaf0c0e96441c0fdbce6d8ebe6",
                "sha256:44a62e24d9b01ba94ae7a4a6c3fb215dc4af1dde817e7498d901e229aaf50e4e",
                "sha256:50af681a36b2a1dee1d3c169ade9fdc59207d3c31e522519181e12f1b3ba7000",
                "sha256:563c649cfdef27d081c84e72a03b48ea9408c16657500c312575ae9d9f7bc1c3",
                "sha256:5989db3b3b34b76c09253deeaf7fbc2707616f130e166996606c284395da3f18",
                "sha256:5a7a7dbff17e66fac9142ae2ecafb719393aaee6a3768c9de2fd425c63b53e21",
                "sha256:5c3e6455341008a054cccee8c5d24481bcfe1acdbc9add30aa95798e95c65621",
                "sha256:5f6ccd3dd0b9739edcf407514016108e2280769c73a85b9e59aa390046dbf08b",
                "sha256:72c99e39d005b793fb7d3d4e660aed6b6281b502e8c1eaf8ee8346023c8e03bc",
                "sha256:78751b33595f7f9511952e7e60ce858c6d64db2e062afb325985ddbd34b5c131",
                "sha256:834ee27348c4aefc20b479335fd422a2c69db55f7d9ab61721ac8cd83eb78882",
                "sha256:8be8d84b7d4f2ba4ffff3665bcd0211318aa632395a1a41553250484a871d454",
                "sha256:950a199911a8d94683a6b10321f9345d5a3a8433ec58b217ace979e18f16e248",
                "sha256:a357fd4f15ee49b4a98b44ec23a34a95f1e00292a139d6015c11f55774ef10de",
                "sha256:a53d27d0c2a0ebd07e395e56a1fbdf75ffedc4a05943daf472af163413ce9598",
                "sha256:acef3d59d47dd85ecf909c359d0fd2c81ed33bdff70216d3956b463e12c38a54",
                "sha256:b38694dcdac990a743aa654037ff1188c7a9801ac3ccc548d3341014bc5ca278",
                "sha256:b9edd0110a77fc321ab090aaa1cfcaba1d8499850a12848b81be2222eab648f6",
                "sha256:c08e95114951dc2090c4a630c2385bef681cacf12636fb0241accdc6b303fd81",
                "sha256:c5518d51a0735b1e6cee1fdce66359f8d2b59c3ca85dc2b0813a8aa86818a030",
                "sha256:c8fd0f1ae9d92b42854b2979024d7597685ce4ada367172ed7c09edf2cef9cb8",
                "sha256:ca3820eb7f7faf7f0aa88de0e54681bddcb46e485beb844fcecbcd1c8bd01689",
                "sha256:cf8b574c7b9aa060c62116d4181f3a1a4e821b2ec5cbfe3775809474113748d4",
                "sha256:d3155d828dec1d43283bd24d3d3e0d9c7c350cdfcc0bd06c0ad1209c1bbc36d0",
                "sha256:f8d6f8db88049a699817fd9178782867bf22283e3813064302ac59f61d95be05",
                "sha256:fd34fbbfbc40628200730bc1febe30631347103fc8d3d4fa012c21ab9c11eca9"
            ],
            "version": "==1.3.1"
        },
        "matplotlib": {
            "hashes": [
                "sha256:0bea5ec5c28d49020e5d7923c2725b837e60bc8be99d3164af410eb4b4c827da",
                "sha256:1c1779f7ab7d8bdb7d4c605e6ffaa0614b3e80f1e3c8ccf7b9269a22dbc5986b",
                "sha256:21b31057bbc5e75b08e70a43cefc4c0b2c2f1b1a850f4a0f7af044eb4163086c",
                "sha256:32fa638cc10886885d1ca3d409d4473d6a22f7ceecd11322150961a70fab66dd",
                "sha256:3a5c18dbd2c7c366da26a4ad1462fe3e03a577b39e3b503bbcf482b9cdac093c",
                "sha256:5826f56055b9b1c80fef82e326097e34dc4af8c7249226b7dd63095a686177d1",
                "sha256:6382bc6e2d7e481bcd977eb131c31dee96e0fb4f9177d15ec6fb976d3b9ace1a",
                "sha256:6475d0209024a77f869163ec3657c47fed35d9b6ed8bccba8aa0f0099fbbdaa8",
                "sha256:6a6a44f27aabe720ec4fd485061e8a35784c2b9ffa6363ad546316dfc9cea04e",
                "sha256:7a58f3d8fe8fac3be522c79d921c9b86e090a59637cb88e3bc51298d7a2c862a",
                "sha256:7ad19f3fb6145b9eb41c08e7cbb9f8e10b91291396bee21e9ce761bb78df63ec",
                "sha256:85f191bb03cb1a7b04b5c2cca4792bef94df06ef473bc49e2818105671766fee",
                "sha256:956c8849b134b4a343598305a3ca1bdd3094f01f5efc8afccdebeffe6b315247",
                "sha256:a9d8cb5329df13e0cdaa14b3b43f47b5e593ec637f13f14db75bb16e46178b05",
                "sha256:b1d5a2cedf5de05567c441b3a8c2651fbde56df08b82640e7f06c8cd91e201f6",
                "sha256:b26535b9de85326e6958cdef720ecd10bcf74a3f4371bf9a7e5b2e659c17e153",
                "sha256:c541ee5a3287efe066bbe358320853cf4916bc14c00c38f8f3d8d75275a405a9",
                "sha256:d8d994cefdff9aaba45166eb3de4f5211adb4accac85cbf97137e98f26ea0219",
                "sha256:df815378a754a7edd4559f8c51fc7064f779a74013644a7f5ac7a0c31f875866"
            ],
            "version": "==3.4.2"
        },
        "netcdf4": {
            "hashes": [
                "sha256:030a829ed599cedf777a31655081eb37ed875d99c7118071f166ccd0e7b6708b",
                "sha256:0cc85faf00111fa3a3e445de61b73eda5aae567cd8ca0bf595c21d0f8f55caf9",
                "sha256:102a53dff290e9ba27fb3e2a46f87242c2112be91fd60663413437d3a786212f",
                "sha256:16f9669226b1ac0456673dd3eb52c2a1b95ce4934de3b479a2850146e231b518",
                "sha256:1e164e73365c71d46e0f7232ecb738422b7e21be614f13c96ef6de695f53a0b1",
                "sha256:2bfd140761cd1ece46d3d5bb05cf5d4ac26cac392855ee70acfa4d7c1ab73392",
                "sha256:3449f4f32974941658e670dc5d9745d67fb76039b6b6167e37aecb208adacd49",
                "sha256:47476489f6c8e4d4584b99aea5511ff69acc7a8d3d8359452e457123f7ec378d",
                "sha256:4849ffdf493f6094d985b3465fac09aacd376684fbbd241e3d2accc6e5763215",
                "sha256:48e733b2e817e8547d164258a14d360be27c70ed9ec513422886468539ea1583",
                "sha256:5043910434e556b84831d07bcde4aa8672ff15d6eae74a90a07dfaa88171e301",
                "sha256:5253f009d2ec3d9cb9246c93651a287e7f39573f00eb2a873fd1fecfe0b965e4",
                "sha256:54d60ebccf44e27a51f787cbbf759354e357b1e4a596684844279bb75f5211db",
                "sha256:573369b148aadc47e1da0e82b001412ecd7577f72ae742e2508e03d2cff2a2ce",
                "sha256:5a2c419fdca00fbf1d1c0fcd471cd136b6c4b9e32695c68111712bb6caefd2cf",
                "sha256:61c92dca8818903bfa8838855d1ba10e27560aefd5b47c03b56948c10f6b3bd2",
                "sha256:7577f4656af8431b2fa6b6797acb45f81fa1890120e9123b3645e14765da5a7c",
                "sha256:75c078b82830e77ac0c683a1a88cd8502cfb34903d054639d36bd84c2242a4a4",
                "sha256:75ce1f5adc52fe696674d36956ea419f5e029b783bf342f2cb35c3b1ae32cd83",
                "sha256:852cd767198819ba43761dbb5bbb523e3f112aa86fe24a864ee43a3378949050",
                "sha256:90a3a92616c7f2ec5bb1c0bed7ba7b372037d0d2e58ecff9d4d0785da6d11f0c",
                "sha256:9cb51d0e95b155dba6e138ecfaea6ff3a22dfc11e4bf3bf22483c3beb376270e",
                "sha256:a397023964752c543c5e73d6c46c9af111970d0bc15ffc5dc6ba280cd9f954ca",
                "sha256:a756d75056812cfc97e17f18a11cc6542d64433631e02214a5173be4ed85ab5b",
                "sha256:ae846f990852484fffa9e6c7bc1aad4aacb01d24a0bdb201697f083242949e66",
                "sha256:c9d4a28253b91a033e1d9088ee95b4de98e35b18639834a7f87a3513cb2dfc51",
                "sha256:cc7f7a24842f50fa73ac65208450ab84626f11c7b4bc1ac72309a7aa5e5f200b",
                "sha256:d8a4c06f797a566e7f811fadbff77a7fd6b18f51fa6a81cc1adc18e141400237",
                "sha256:d99ef8694633f095b8491db1a8249320572fff0e5eefd8dd61f18bdfa8297a80",
                "sha256:dfa678fea3aaeac62b0bff6c68a29c829a17d77858657cb05fdabc7ace8892e5",
                "sha256:dfe8d89a4f22ae5a608dd0bd7535142c492121a24a0e56ec7038785d11cf08ba",
                "sha256:e0a2ff2caec5e492d55f8f2e4666876899bb504f70c7b3c71e31c2791f46fee2",
                "sha256:e737b80b67eb2158101aa850e69cc851a6c8bfb54fbff048156e0a50e056312c",
                "sha256:ea49e74af3eebf981e6a6308e6c7ec0bc898bc8762b69094ebf01c8af114f36e",
                "sha256:ed80a71d71b6db99f399a8d83a06902198719e8947f5b9ada2fca8d6d5c21403",
                "sha256:f7253fc6bfc62783cb2236f1845da668ee90ea1ece4af9d53c3bbfe56896d14c",
                "sha256:fea789b2c2ae6bf64e8e917ca232654c4af60be2ef1153d73ddf90fa8f911a64",
                "sha256:ff27c422fd45c7a482bedb643d1be0ff0c58c6f0b2888e6fe0e3da059050f779"
            ],
            "version": "==1.5.6"
        },
        "numpy": {
            "hashes": [
                "sha256:09932f5bf0abda5654eda225fd070915942f2c32d9bb6747bd45b66af7a0a9b1",
                "sha256:29036b6d56ad35f0637ac84af43f9469b39916ed06aa96729767639e3023ef72",
                "sha256:32f683dd175c364b8904bf26ce030a4ff7134aeff0046e3511cbaf855f65583c",
                "sha256:3c90b0bb77615bda5e007cfa4c53eb6097ecc82e247726e0eb138fcda769b45d",
                "sha256:435090a12dca2232cdbd58740afd5c9ede830037e1f6af60344e3afd49554fc8",
                "sha256:4b8e4c37aea928f0d8359ab24b14382de450180e618972d3b9df50848d084db1",
                "sha256:53e7147d04c75dcf05c3bb38357329d64d4908f403560a1fcb64f7972599c638",
                "sha256:5a711fbc9bbdb939d082bb856f9812eb3f98a82584ad73eaa924bed6b0695cab",
                "sha256:5b2752404f6ba22b99617c21dc6c2f15accf61642a5626d239649a96294d8ecb",
                "sha256:5d4c1b43c84cfe1923dbaed4ef18261a9f7b420983dc209af117c28f32637973",
                "sha256:74ce56338ff5de5d8b48314a1ec5ebbc2b1c0f9f9d6c00ce1815be0d3f9dcbb4",
                "sha256:7d98ade9199b15aa8f589b2263d6028364aecd7a9caf426e65ffc1ba921624a5",
                "sha256:82446d2defd917656c87158a02a7d7e7c03ce8bde9bb39ae5f5b369c5ef561d2",
                "sha256:8bb0a19f185e8d4fa60bb036cdc9fb4f34c6486e1d30034f6cacb882efa5252a",
                "sha256:93d0cb1b07511d1b108346975cd34cc1c32b7061fbb574ef4ce8fc8139cce417",
                "sha256:a0179c7130aa03f9e60cea9a0b0535b2c2b49f486bae724433cf6ac2abac832f",
                "sha256:a18d4368018f029ea73df53ef801234d2d354e95c32d7890b1102bd2da9857ba",
                "sha256:a59ce04c77711cab0334591650af628151aa515d11bde905198d4e898bb57315",
                "sha256:afebef861665eaa2e491894f2269d1941fbfbb8e5acf565a785107dcfc07613d",
                "sha256:b66b3cdad12d6074ddc46148cefc35c48b0437515c5bf8ce2acd913f486bc257",
                "sha256:bee549287cf2fcbf8f8e11b024e62f1a22af296cb1b015aa346d58a01cbfb603",
                "sha256:cb725aae7c31327e642b876e3195b7fe147bb8d14d85f749ac13ab87d9ab5fab",
                "sha256:ce5b195cbcced7c97429ca0323e2e3a19a503fc9ce0e1fea6c5be55e71214ebf",
                "sha256:cfb7b67500e6af81a793287ca41912590327051b58da9dc2c0ecb65d35db6ec9",
                "sha256:e2d6388fe28784301fb8293a14d05a5329a9747fa8e451cc189e5f2ee1f422dd",
                "sha256:f7a0ed76e49c4ab6c53aa43358aa1d943ea5f61cc71844eca1cad8f00794589e",
                "sha256:fd11aa1d58b7538076613722a2915d3c3f1c0cd24f674e3194be29729d744dba",
                "sha256:fec6300b8237aa1c561a8a5fec81ba1bcdf00b622f660897369798a8d57163c4"
            ],
            "markers": "python_version == '3.8'",
            "version": "==1.21.0rc2"
        },
        "packaging": {
            "hashes": [
                "sha256:5b327ac1320dc863dca72f4514ecc086f31186744b84a230374cc1fd776feae5",
                "sha256:67714da7f7bc052e064859c05c595155bd1ee9f69f76557e21f051443c20947a"
            ],
            "version": "==20.9"
        },
        "pandas": {
            "hashes": [
                "sha256:02f1e8f71cd994ed7fcb9a35b6ddddeb4314822a0e09a9c5b2d278f8cb5d4096",
                "sha256:13f75fb18486759da3ff40f5345d9dd20e7d78f2a39c5884d013456cec9876f0",
                "sha256:35b670b0abcfed7cad76f2834041dcf7ae47fd9b22b63622d67cdc933d79f453",
                "sha256:4c73f373b0800eb3062ffd13d4a7a2a6d522792fa6eb204d67a4fad0a40f03dc",
                "sha256:5759edf0b686b6f25a5d4a447ea588983a33afc8a0081a0954184a4a87fd0dd7",
                "sha256:5a7cf6044467c1356b2b49ef69e50bf4d231e773c3ca0558807cdba56b76820b",
                "sha256:69c5d920a0b2a9838e677f78f4dde506b95ea8e4d30da25859db6469ded84fa8",
                "sha256:8778a5cc5a8437a561e3276b85367412e10ae9fff07db1eed986e427d9a674f8",
                "sha256:9871ef5ee17f388f1cb35f76dc6106d40cb8165c562d573470672f4cdefa59ef",
                "sha256:9c31d52f1a7dd2bb4681d9f62646c7aa554f19e8e9addc17e8b1b20011d7522d",
                "sha256:ab8173a8efe5418bbe50e43f321994ac6673afc5c7c4839014cf6401bbdd0705",
                "sha256:ae961f1f0e270f1e4e2273f6a539b2ea33248e0e3a11ffb479d757918a5e03a9",
                "sha256:b3c4f93fcb6e97d993bf87cdd917883b7dab7d20c627699f360a8fb49e9e0b91",
                "sha256:c9410ce8a3dee77653bc0684cfa1535a7f9c291663bd7ad79e39f5ab58f67ab3",
                "sha256:f69e0f7b7c09f1f612b1f8f59e2df72faa8a6b41c5a436dde5b615aaf948f107",
                "sha256:faa42a78d1350b02a7d2f0dbe3c80791cf785663d6997891549d0f86dc49125e"
            ],
            "index": "pypi",
            "version": "==1.0.5"
        },
        "patsy": {
            "hashes": [
                "sha256:5465be1c0e670c3a965355ec09e9a502bf2c4cbe4875e8528b0221190a8a5d40",
                "sha256:f115cec4201e1465cd58b9866b0b0e7b941caafec129869057405bfe5b5e3991"
            ],
            "version": "==0.5.1"
        },
        "pillow": {
            "hashes": [
                "sha256:01425106e4e8cee195a411f729cff2a7d61813b0b11737c12bd5991f5f14bcd5",
                "sha256:031a6c88c77d08aab84fecc05c3cde8414cd6f8406f4d2b16fed1e97634cc8a4",
                "sha256:083781abd261bdabf090ad07bb69f8f5599943ddb539d64497ed021b2a67e5a9",
                "sha256:0d19d70ee7c2ba97631bae1e7d4725cdb2ecf238178096e8c82ee481e189168a",
                "sha256:0e04d61f0064b545b989126197930807c86bcbd4534d39168f4aa5fda39bb8f9",
                "sha256:12e5e7471f9b637762453da74e390e56cc43e486a88289995c1f4c1dc0bfe727",
                "sha256:22fd0f42ad15dfdde6c581347eaa4adb9a6fc4b865f90b23378aa7914895e120",
                "sha256:238c197fc275b475e87c1453b05b467d2d02c2915fdfdd4af126145ff2e4610c",
                "sha256:3b570f84a6161cf8865c4e08adf629441f56e32f180f7aa4ccbd2e0a5a02cba2",
                "sha256:463822e2f0d81459e113372a168f2ff59723e78528f91f0bd25680ac185cf797",
                "sha256:4d98abdd6b1e3bf1a1cbb14c3895226816e666749ac040c4e2554231068c639b",
                "sha256:5afe6b237a0b81bd54b53f835a153770802f164c5570bab5e005aad693dab87f",
                "sha256:5b70110acb39f3aff6b74cf09bb4169b167e2660dabc304c1e25b6555fa781ef",
                "sha256:5cbf3e3b1014dddc45496e8cf38b9f099c95a326275885199f427825c6522232",
                "sha256:624b977355cde8b065f6d51b98497d6cd5fbdd4f36405f7a8790e3376125e2bb",
                "sha256:63728564c1410d99e6d1ae8e3b810fe012bc440952168af0a2877e8ff5ab96b9",
                "sha256:66cc56579fd91f517290ab02c51e3a80f581aba45fd924fcdee01fa06e635812",
                "sha256:6c32cc3145928c4305d142ebec682419a6c0a8ce9e33db900027ddca1ec39178",
                "sha256:8b56553c0345ad6dcb2e9b433ae47d67f95fc23fe28a0bde15a120f25257e291",
                "sha256:8bb1e155a74e1bfbacd84555ea62fa21c58e0b4e7e6b20e4447b8d07990ac78b",
                "sha256:95d5ef984eff897850f3a83883363da64aae1000e79cb3c321915468e8c6add5",
                "sha256:a013cbe25d20c2e0c4e85a9daf438f85121a4d0344ddc76e33fd7e3965d9af4b",
                "sha256:a787ab10d7bb5494e5f76536ac460741788f1fbce851068d73a87ca7c35fc3e1",
                "sha256:a7d5e9fad90eff8f6f6106d3b98b553a88b6f976e51fce287192a5d2d5363713",
                "sha256:aac00e4bc94d1b7813fe882c28990c1bc2f9d0e1aa765a5f2b516e8a6a16a9e4",
                "sha256:b91c36492a4bbb1ee855b7d16fe51379e5f96b85692dc8210831fbb24c43e484",
                "sha256:c03c07ed32c5324939b19e36ae5f75c660c81461e312a41aea30acdd46f93a7c",
                "sha256:c5236606e8570542ed424849f7852a0ff0bce2c4c8d0ba05cc202a5a9c97dee9",
                "sha256:c6b39294464b03457f9064e98c124e09008b35a62e3189d3513e5148611c9388",
                "sha256:cb7a09e173903541fa888ba010c345893cd9fc1b5891aaf060f6ca77b6a3722d",
                "sha256:d68cb92c408261f806b15923834203f024110a2e2872ecb0bd2a110f89d3c602",
                "sha256:dc38f57d8f20f06dd7c3161c59ca2c86893632623f33a42d592f097b00f720a9",
                "sha256:e98eca29a05913e82177b3ba3d198b1728e164869c613d76d0de4bde6768a50e",
                "sha256:f217c3954ce5fd88303fc0c317af55d5e0204106d86dea17eb8205700d47dec2"
            ],
            "index": "pypi",
            "version": "==8.2.0"
        },
        "pymc3": {
            "hashes": [
                "sha256:918b0a8050643e2a9dd4d276dd163befded33608db4969828f2c32305135d3e0",
                "sha256:ee5bd79f8185e6a05f2cfca0da92d0edfda286e63d5e28f8e7b22194d6e75107"
            ],
            "index": "pypi",
            "version": "==3.9.2"
        },
        "pyparsing": {
            "hashes": [
                "sha256:1c6409312ce2ce2997896af5756753778d5f1603666dba5587804f09ad82ed27",
                "sha256:f4896b4cc085a1f8f8ae53a1a90db5a86b3825ff73eb974dffee3d9e701007f4"
            ],
            "version": "==3.0.0b2"
        },
        "python-dateutil": {
            "hashes": [
                "sha256:73ebfe9dbf22e832286dafa60473e4cd239f8592f699aa5adaf10050e6e1823c",
                "sha256:75bb3f31ea686f1197762692a9ee6a7550b59fc6ca3a1f4b5d7e32fb98e2da2a"
            ],
            "version": "==2.8.1"
        },
        "pytz": {
            "hashes": [
                "sha256:83a4a90894bf38e243cf052c8b58f381bfe9a7a483f6a9cab140bc7f702ac4da",
                "sha256:eb10ce3e7736052ed3623d49975ce333bcd712c7bb19a58b9e2089d4057d0798"
            ],
            "version": "==2021.1"
        },
        "scipy": {
            "hashes": [
                "sha256:093017be12146a8125e564877bb2d66dacc77387542b834b20dd111664ce3116",
                "sha256:250533a064b006d992dd5f80b9327396c2e09e62611c68acb5b15dd7e104c40b",
                "sha256:32819afdb42d70cca3b1b638d43fafc958d9b6e81ecf4fc2495fdc8134d357a9",
                "sha256:3af0a29260b2dba983c31b7d90ccec06dd88afc0365a4b4ccbe71d7b343597d0",
                "sha256:3e17adcbcf58a14890f6987f8b0cf13cf6c44258588ae9915912854a503ab937",
                "sha256:50b9a9c5740035d7ce4771d82ccecc73f931ad12dce3212ba9310dc3aca78119",
                "sha256:67b61dedddba2084819f284280f7d84eaacdf67b7b44ab21a6c17eb3ea4176fc",
                "sha256:8f30ca6bafbacc905c3ef20b74e662177896209f279c0adff263c522593b8799",
                "sha256:96459118025a540a13fbb3118eae3a9e5157335bb8612979f3d4443e0ca1d97d",
                "sha256:a39b3afc90a12cb541ca0d6cec70b0ceb0c9212334a3356bae143fd6ca7c29aa",
                "sha256:a3c13a99e3b90abd189a22ebf51f1c4cc826fa0b8338711b55bb10243657a4ac",
                "sha256:af341027b6937ef24346b342c511dbf517ab3d671c2e3c43c194592793d20789",
                "sha256:b24ce88245397126bb64005ed4a9c00d916ea4c5ba8383d85a2ddbaac4805f06",
                "sha256:c41ec0521729cfe2a1c1e0e9b487e45f5c42957b77bb9bb97dcb3df53321cc26",
                "sha256:ccacb1f0bda3f46608e1a721f6ab6107a978c27e88918dfc5d2e9afae3187dbd",
                "sha256:d31d9e1dd16e26c2e298b7118c2c115fdb248cf11b3164f68bdb808f19928ecc",
                "sha256:e3c39cb0117f48c4c52bb6590bb8a508f76a47a6248b01ff535ce048dafdcd79",
                "sha256:e945a4f33d5141d8c62074206ca23c3d822053a55a941b28fb37daaac9f3ca74",
                "sha256:f76d26beeb0963b3560d1bb20911ae97552d442c46a73df46006b018d2543079"
            ],
            "version": "==1.7.0rc1"
        },
        "six": {
            "hashes": [
                "sha256:1e61c37477a1626458e36f7b1d82aa5c9b094fa4802892072e49de9c60c4c926",
                "sha256:8abb2f1d86890a2dfb989f9a77cfcfd3e47c2a354b01111771326f8aa26e0254"
            ],
            "version": "==1.16.0"
        },
        "theano": {
            "hashes": [
                "sha256:6e9439dd53ba995fcae27bf20626074bfc2fff446899dc5c53cb28c1f9202e89"
            ],
            "version": "==1.0.5"
        },
        "typing-extensions": {
            "hashes": [
                "sha256:0ac0f89795dd19de6b97debb0c6af1c70987fd80a2d62d1958f7e56fcc31b497",
                "sha256:50b6f157849174217d0656f99dc82fe932884fb250826c18350e159ec6cdf342",
                "sha256:779383f6086d90c99ae41cf0ff39aac8a7937a9283ce0a414e5dd782f4c94a84"
            ],
            "version": "==3.10.0.0"
        },
        "xarray": {
            "hashes": [
                "sha256:5d2e72a228286fcf60f66e16876bd27629a1a70bf64822c565f16515c4d10284",
                "sha256:a0b14b888b90a3ad8ecec5db9862f3fd02f8c0cc15066a3429d37da62fc37219"
            ],
            "version": "==0.18.2"
        }
    },
    "develop": {
        "appdirs": {
            "hashes": [
                "sha256:7d5d0167b2b1ba821647616af46a749d1c653740dd0d2415100fe26e27afdf41",
                "sha256:a841dacd6b99318a741b166adb07e19ee71a274450e68237b4650ca1055ab128"
            ],
            "version": "==1.4.4"
        },
        "attrs": {
            "hashes": [
                "sha256:149e90d6d8ac20db7a955ad60cf0e6881a3f20d37096140088356da6c716b0b1",
                "sha256:ef6aaac3ca6cd92904cdd0d83f629a15f18053ec84e6432106f7a4d04ae4f5fb"
            ],
            "version": "==21.2.0"
        },
        "black": {
            "hashes": [
                "sha256:1b30e59be925fafc1ee4565e5e08abef6b03fe455102883820fe5ee2e4734e0b",
                "sha256:c2edb73a08e9e0e6f65a0e6af18b059b8b1cdd5bef997d7a0b181df93dc81539"
            ],
            "index": "pypi",
            "version": "==19.10b0"
        },
        "click": {
            "hashes": [
                "sha256:8c04c11192119b1ef78ea049e0a6f0463e4c48ef00a30160c704337586f3ad7a",
                "sha256:fba402a4a47334742d782209a7c79bc448911afe1149d07bdabdf480b3e2f4b6"
            ],
            "version": "==8.0.1"
        },
        "pathspec": {
            "hashes": [
                "sha256:86379d6b86d75816baba717e64b1a3a3469deb93bb76d613c9ce79edc5cb68fd",
                "sha256:aa0cb481c4041bf52ffa7b0d8fa6cd3e88a2ca4879c533c9153882ee2556790d"
            ],
            "version": "==0.8.1"
        },
        "regex": {
            "hashes": [
                "sha256:01afaf2ec48e196ba91b37451aa353cb7eda77efe518e481707e0515025f0cd5",
                "sha256:11d773d75fa650cd36f68d7ca936e3c7afaae41b863b8c387a22aaa78d3c5c79",
                "sha256:18c071c3eb09c30a264879f0d310d37fe5d3a3111662438889ae2eb6fc570c31",
                "sha256:1e1c20e29358165242928c2de1482fb2cf4ea54a6a6dea2bd7a0e0d8ee321500",
                "sha256:281d2fd05555079448537fe108d79eb031b403dac622621c78944c235f3fcf11",
                "sha256:314d66636c494ed9c148a42731b3834496cc9a2c4251b1661e40936814542b14",
                "sha256:32e65442138b7b76dd8173ffa2cf67356b7bc1768851dded39a7a13bf9223da3",
                "sha256:339456e7d8c06dd36a22e451d58ef72cef293112b559010db3d054d5560ef439",
                "sha256:3916d08be28a1149fb97f7728fca1f7c15d309a9f9682d89d79db75d5e52091c",
                "sha256:3a9cd17e6e5c7eb328517969e0cb0c3d31fd329298dd0c04af99ebf42e904f82",
                "sha256:47bf5bf60cf04d72bf6055ae5927a0bd9016096bf3d742fa50d9bf9f45aa0711",
                "sha256:4c46e22a0933dd783467cf32b3516299fb98cfebd895817d685130cc50cd1093",
                "sha256:4c557a7b470908b1712fe27fb1ef20772b78079808c87d20a90d051660b1d69a",
                "sha256:52ba3d3f9b942c49d7e4bc105bb28551c44065f139a65062ab7912bef10c9afb",
                "sha256:563085e55b0d4fb8f746f6a335893bda5c2cef43b2f0258fe1020ab1dd874df8",
                "sha256:598585c9f0af8374c28edd609eb291b5726d7cbce16be6a8b95aa074d252ee17",
                "sha256:619d71c59a78b84d7f18891fe914446d07edd48dc8328c8e149cbe0929b4e000",
                "sha256:67bdb9702427ceddc6ef3dc382455e90f785af4c13d495f9626861763ee13f9d",
                "sha256:6d1b01031dedf2503631d0903cb563743f397ccaf6607a5e3b19a3d76fc10480",
                "sha256:741a9647fcf2e45f3a1cf0e24f5e17febf3efe8d4ba1281dcc3aa0459ef424dc",
                "sha256:7c2a1af393fcc09e898beba5dd59196edaa3116191cc7257f9224beaed3e1aa0",
                "sha256:7d9884d86dd4dd489e981d94a65cd30d6f07203d90e98f6f657f05170f6324c9",
                "sha256:90f11ff637fe8798933fb29f5ae1148c978cccb0452005bf4c69e13db951e765",
                "sha256:919859aa909429fb5aa9cf8807f6045592c85ef56fdd30a9a3747e513db2536e",
                "sha256:96fcd1888ab4d03adfc9303a7b3c0bd78c5412b2bfbe76db5b56d9eae004907a",
                "sha256:97f29f57d5b84e73fbaf99ab3e26134e6687348e95ef6b48cfd2c06807005a07",
                "sha256:980d7be47c84979d9136328d882f67ec5e50008681d94ecc8afa8a65ed1f4a6f",
                "sha256:a91aa8619b23b79bcbeb37abe286f2f408d2f2d6f29a17237afda55bb54e7aac",
                "sha256:ade17eb5d643b7fead300a1641e9f45401c98eee23763e9ed66a43f92f20b4a7",
                "sha256:b9c3db21af35e3b3c05764461b262d6f05bbca08a71a7849fd79d47ba7bc33ed",
                "sha256:bd28bc2e3a772acbb07787c6308e00d9626ff89e3bfcdebe87fa5afbfdedf968",
                "sha256:bf5824bfac591ddb2c1f0a5f4ab72da28994548c708d2191e3b87dd207eb3ad7",
                "sha256:c0502c0fadef0d23b128605d69b58edb2c681c25d44574fc673b0e52dce71ee2",
                "sha256:c38c71df845e2aabb7fb0b920d11a1b5ac8526005e533a8920aea97efb8ec6a4",
                "sha256:ce15b6d103daff8e9fee13cf7f0add05245a05d866e73926c358e871221eae87",
                "sha256:d3029c340cfbb3ac0a71798100ccc13b97dddf373a4ae56b6a72cf70dfd53bc8",
                "sha256:e512d8ef5ad7b898cdb2d8ee1cb09a8339e4f8be706d27eaa180c2f177248a10",
                "sha256:e8e5b509d5c2ff12f8418006d5a90e9436766133b564db0abaec92fd27fcee29",
                "sha256:ee54ff27bf0afaf4c3b3a62bcd016c12c3fdb4ec4f413391a90bd38bc3624605",
                "sha256:fa4537fb4a98fe8fde99626e4681cc644bdcf2a795038533f9f711513a862ae6",
                "sha256:fd45ff9293d9274c5008a2054ecef86a9bfe819a67c7be1afb65e69b405b3042"
            ],
            "version": "==2021.4.4"
        },
        "toml": {
            "hashes": [
                "sha256:806143ae5bfb6a3c6e736a764057db0e6a0e05e338b5630894a5f779cabb4f9b",
                "sha256:b3bda1d108d5dd99f4a20d24d9c348e91c4db7ab1b749200bded2f839ccbe68f"
            ],
            "version": "==0.10.2"
        },
        "typed-ast": {
            "hashes": [
                "sha256:01ae5f73431d21eead5015997ab41afa53aa1fbe252f9da060be5dad2c730ace",
                "sha256:067a74454df670dcaa4e59349a2e5c81e567d8d65458d480a5b3dfecec08c5ff",
                "sha256:0fb71b8c643187d7492c1f8352f2c15b4c4af3f6338f21681d3681b3dc31a266",
                "sha256:1b3ead4a96c9101bef08f9f7d1217c096f31667617b58de957f690c92378b528",
                "sha256:2068531575a125b87a41802130fa7e29f26c09a2833fea68d9a40cf33902eba6",
                "sha256:209596a4ec71d990d71d5e0d312ac935d86930e6eecff6ccc7007fe54d703808",
                "sha256:2c726c276d09fc5c414693a2de063f521052d9ea7c240ce553316f70656c84d4",
                "sha256:398e44cd480f4d2b7ee8d98385ca104e35c81525dd98c519acff1b79bdaac363",
                "sha256:52b1eb8c83f178ab787f3a4283f68258525f8d70f778a2f6dd54d3b5e5fb4341",
                "sha256:5feca99c17af94057417d744607b82dd0a664fd5e4ca98061480fd8b14b18d04",
                "sha256:7538e495704e2ccda9b234b82423a4038f324f3a10c43bc088a1636180f11a41",
                "sha256:760ad187b1041a154f0e4d0f6aae3e40fdb51d6de16e5c99aedadd9246450e9e",
                "sha256:777a26c84bea6cd934422ac2e3b78863a37017618b6e5c08f92ef69853e765d3",
                "sha256:95431a26309a21874005845c21118c83991c63ea800dd44843e42a916aec5899",
                "sha256:9ad2c92ec681e02baf81fdfa056fe0d818645efa9af1f1cd5fd6f1bd2bdfd805",
                "sha256:9c6d1a54552b5330bc657b7ef0eae25d00ba7ffe85d9ea8ae6540d2197a3788c",
                "sha256:aee0c1256be6c07bd3e1263ff920c325b59849dc95392a05f258bb9b259cf39c",
                "sha256:af3d4a73793725138d6b334d9d247ce7e5f084d96284ed23f22ee626a7b88e39",
                "sha256:b36b4f3920103a25e1d5d024d155c504080959582b928e91cb608a65c3a49e1a",
                "sha256:b9574c6f03f685070d859e75c7f9eeca02d6933273b5e69572e5ff9d5e3931c3",
                "sha256:bff6ad71c81b3bba8fa35f0f1921fb24ff4476235a6e94a26ada2e54370e6da7",
                "sha256:c190f0899e9f9f8b6b7863debfb739abcb21a5c054f911ca3596d12b8a4c4c7f",
                "sha256:c907f561b1e83e93fad565bac5ba9c22d96a54e7ea0267c708bffe863cbe4075",
                "sha256:cae53c389825d3b46fb37538441f75d6aecc4174f615d048321b716df2757fb0",
                "sha256:dd4a21253f42b8d2b48410cb31fe501d32f8b9fbeb1f55063ad102fe9c425e40",
                "sha256:dde816ca9dac1d9c01dd504ea5967821606f02e510438120091b84e852367428",
                "sha256:f2362f3cb0f3172c42938946dbc5b7843c2a28aec307c49100c8b38764eb6927",
                "sha256:f328adcfebed9f11301eaedfa48e15bdece9b519fb27e6a8c01aa52a17ec31b3",
                "sha256:f8afcf15cc511ada719a88e013cec87c11aff7b91f019295eb4530f96fe5ef2f",
                "sha256:fb1bbeac803adea29cedd70781399c99138358c26d05fcbd23c13016b7f5ec65"
            ],
            "version": "==1.4.3"
        }
    }
}
